{
  "object": {
    "pins": [
      {
        "package": "combine-schedulers",
        "repositoryURL": "https://github.com/pointfreeco/combine-schedulers",
        "state": {
          "branch": null,
          "revision": "ae2f434e81017bb7de02c168fb0bde83cd8370c1",
          "version": "0.3.1"
        }
      },
      {
        "package": "GRDB",
        "repositoryURL": "https://github.com/groue/GRDB.swift",
        "state": {
          "branch": null,
          "revision": "cceb24a1e58dae37a199ba54987df425bd0ef303",
          "version": "5.4.0"
        }
      },
      {
        "package": "Reachability",
        "repositoryURL": "https://github.com/ashleymills/Reachability.swift",
        "state": {
          "branch": null,
          "revision": "c01bbdf2d633cf049ae1ed1a68a2020a8bda32e2",
          "version": "5.1.0"
        }
      },
      {
        "package": "SnapKit",
        "repositoryURL": "https://github.com/SnapKit/SnapKit",
        "state": {
          "branch": null,
          "revision": "d458564516e5676af9c70b4f4b2a9178294f1bc6",
          "version": "5.0.1"
        }
      },
      {
        "package": "swift-case-paths",
        "repositoryURL": "https://github.com/pointfreeco/swift-case-paths",
        "state": {
          "branch": null,
          "revision": "1aa1bf7c4069d9ba2f7edd36dbfc96ff1c58cbff",
          "version": "0.1.3"
        }
      },
      {
        "package": "swift-composable-architecture",
        "repositoryURL": "https://github.com/pointfreeco/swift-composable-architecture",
        "state": {
          "branch": null,
          "revision": "86d6e3551437a88ecd73a789753fd2151761b17d",
          "version": "0.15.0"
        }
      }
    ]
  },
  "version": 1
}
